{
  "name": "nitinreddy3_resturlbuilder",
  "version": "1.0.0",
  "lockfileVersion": 1,
  "requires": true,
  "dependencies": {
    "nitinreddy3_urlbuilder": {
      "version": "1.0.0",
      "resolved": "https://registry.npmjs.org/nitinreddy3_urlbuilder/-/nitinreddy3_urlbuilder-1.0.0.tgz",
      "integrity": "sha512-dOc3hMizItyQmzrg8dVJI8uEa1WPl5x6vLIbxMhCeEf26/gdkJomlHp0u0CZUAE8z8Dwj9vp/BR0N0W82V0/aQ=="
    }
  }
}
